
Microsoft Visual Studio Solution File, Format Version 12.00
# Visual Studio 15
VisualStudioVersion = 15.0.27428.2015
MinimumVisualStudioVersion = 10.0.40219.1
Project("{FAE04EC0-301F-11D3-BF4B-00C04F79EFBC}") = "EasyMath", "..\Lecture01\EasyMath\EasyMath.csproj", "{0DE5FBE2-EE21-4A07-A567-9974936C5C16}"
EndProject
Project("{FAE04EC0-301F-11D3-BF4B-00C04F79EFBC}") = "PokemonLibrary", "PokemonLibrary\PokemonLibrary.csproj", "{49FD006D-43C6-4C59-A955-B622117CCBF3}"
EndProject
Project("{FAE04EC0-301F-11D3-BF4B-00C04F79EFBC}") = "Example01", "Example01\Example01.csproj", "{5080F7EB-B0A5-433D-8BB3-715C63E72A97}"
EndProject
Global
	GlobalSection(SolutionConfigurationPlatforms) = preSolution
		Debug|Any CPU = Debug|Any CPU
		Release|Any CPU = Release|Any CPU
	EndGlobalSection
	GlobalSection(ProjectConfigurationPlatforms) = postSolution
		{0DE5FBE2-EE21-4A07-A567-9974936C5C16}.Debug|Any CPU.ActiveCfg = Debug|Any CPU
		{0DE5FBE2-EE21-4A07-A567-9974936C5C16}.Debug|Any CPU.Build.0 = Debug|Any CPU
		{0DE5FBE2-EE21-4A07-A567-9974936C5C16}.Release|Any CPU.ActiveCfg = Release|Any CPU
		{0DE5FBE2-EE21-4A07-A567-9974936C5C16}.Release|Any CPU.Build.0 = Release|Any CPU
		{49FD006D-43C6-4C59-A955-B622117CCBF3}.Debug|Any CPU.ActiveCfg = Debug|Any CPU
		{49FD006D-43C6-4C59-A955-B622117CCBF3}.Debug|Any CPU.Build.0 = Debug|Any CPU
		{49FD006D-43C6-4C59-A955-B622117CCBF3}.Release|Any CPU.ActiveCfg = Release|Any CPU
		{49FD006D-43C6-4C59-A955-B622117CCBF3}.Release|Any CPU.Build.0 = Release|Any CPU
		{5080F7EB-B0A5-433D-8BB3-715C63E72A97}.Debug|Any CPU.ActiveCfg = Debug|Any CPU
		{5080F7EB-B0A5-433D-8BB3-715C63E72A97}.Debug|Any CPU.Build.0 = Debug|Any CPU
		{5080F7EB-B0A5-433D-8BB3-715C63E72A97}.Release|Any CPU.ActiveCfg = Release|Any CPU
		{5080F7EB-B0A5-433D-8BB3-715C63E72A97}.Release|Any CPU.Build.0 = Release|Any CPU
	EndGlobalSection
	GlobalSection(SolutionProperties) = preSolution
		HideSolutionNode = FALSE
	EndGlobalSection
	GlobalSection(ExtensibilityGlobals) = postSolution
		SolutionGuid = {022F4527-5C23-493A-8BAD-95627C27520D}
	EndGlobalSection
EndGlobal
